
Microsoft Visual Studio Solution File, Format Version 12.00
# Visual Studio Version 17
VisualStudioVersion = 17.9.34616.47
MinimumVisualStudioVersion = 10.0.40219.1
Project("{9A19103F-16F7-4668-BE54-9A1E7A4F7556}") = "osuVendetta.CLI", "osuVendetta.CLI\osuVendetta.CLI.csproj", "{F87CEEA9-AA80-4064-94E5-A1C7DC71CF2E}"
EndProject
Project("{9A19103F-16F7-4668-BE54-9A1E7A4F7556}") = "osuVendetta.Wasm", "osuVendetta.Wasm\osuVendetta.Wasm.csproj", "{B2A79F62-9A68-4A47-9A11-5D0CE5AAA4DB}"
EndProject
Project("{9A19103F-16F7-4668-BE54-9A1E7A4F7556}") = "osuVendetta.Core", "osuVendetta.Core\osuVendetta.Core.csproj", "{2C1E1EE1-A01D-430A-AA81-4CD03CA107DB}"
EndProject
Global
	GlobalSection(SolutionConfigurationPlatforms) = preSolution
		Debug|Any CPU = Debug|Any CPU
		Release|Any CPU = Release|Any CPU
	EndGlobalSection
	GlobalSection(ProjectConfigurationPlatforms) = postSolution
		{F87CEEA9-AA80-4064-94E5-A1C7DC71CF2E}.Debug|Any CPU.ActiveCfg = Debug|Any CPU
		{F87CEEA9-AA80-4064-94E5-A1C7DC71CF2E}.Debug|Any CPU.Build.0 = Debug|Any CPU
		{F87CEEA9-AA80-4064-94E5-A1C7DC71CF2E}.Release|Any CPU.ActiveCfg = Release|Any CPU
		{F87CEEA9-AA80-4064-94E5-A1C7DC71CF2E}.Release|Any CPU.Build.0 = Release|Any CPU
		{B2A79F62-9A68-4A47-9A11-5D0CE5AAA4DB}.Debug|Any CPU.ActiveCfg = Debug|Any CPU
		{B2A79F62-9A68-4A47-9A11-5D0CE5AAA4DB}.Debug|Any CPU.Build.0 = Debug|Any CPU
		{B2A79F62-9A68-4A47-9A11-5D0CE5AAA4DB}.Release|Any CPU.ActiveCfg = Release|Any CPU
		{B2A79F62-9A68-4A47-9A11-5D0CE5AAA4DB}.Release|Any CPU.Build.0 = Release|Any CPU
		{2C1E1EE1-A01D-430A-AA81-4CD03CA107DB}.Debug|Any CPU.ActiveCfg = Debug|Any CPU
		{2C1E1EE1-A01D-430A-AA81-4CD03CA107DB}.Debug|Any CPU.Build.0 = Debug|Any CPU
		{2C1E1EE1-A01D-430A-AA81-4CD03CA107DB}.Release|Any CPU.ActiveCfg = Release|Any CPU
		{2C1E1EE1-A01D-430A-AA81-4CD03CA107DB}.Release|Any CPU.Build.0 = Release|Any CPU
	EndGlobalSection
	GlobalSection(SolutionProperties) = preSolution
		HideSolutionNode = FALSE
	EndGlobalSection
	GlobalSection(ExtensibilityGlobals) = postSolution
		SolutionGuid = {EFD38644-89F2-472A-A28F-CFF1F5D7F0D5}
	EndGlobalSection
EndGlobal
