
Microsoft Visual Studio Solution File, Format Version 12.00
# Visual Studio Version 17
VisualStudioVersion = 17.9.34616.47
MinimumVisualStudioVersion = 10.0.40219.1
Project("{FAE04EC0-301F-11D3-BF4B-00C04F79EFBC}") = "osu!ReplayParser", "osu!ReplayParser.csproj", "{2440B877-96C3-4E61-BCBB-F5C1C809F1E4}"
EndProject
Global
	GlobalSection(SolutionConfigurationPlatforms) = preSolution
		Debug|Any CPU = Debug|Any CPU
		Release|Any CPU = Release|Any CPU
	EndGlobalSection
	GlobalSection(ProjectConfigurationPlatforms) = postSolution
		{2440B877-96C3-4E61-BCBB-F5C1C809F1E4}.Debug|Any CPU.ActiveCfg = Debug|Any CPU
		{2440B877-96C3-4E61-BCBB-F5C1C809F1E4}.Debug|Any CPU.Build.0 = Debug|Any CPU
		{2440B877-96C3-4E61-BCBB-F5C1C809F1E4}.Release|Any CPU.ActiveCfg = Release|Any CPU
		{2440B877-96C3-4E61-BCBB-F5C1C809F1E4}.Release|Any CPU.Build.0 = Release|Any CPU
	EndGlobalSection
	GlobalSection(SolutionProperties) = preSolution
		HideSolutionNode = FALSE
	EndGlobalSection
	GlobalSection(ExtensibilityGlobals) = postSolution
		SolutionGuid = {A92472F7-DA67-406C-9024-B77A87801508}
	EndGlobalSection
EndGlobal
